// !$*UTF8*$!
{
	archiveVersion = 1;
	classes = {
	};
	objectVersion = 46;
	objects = {

/* Begin PBXBuildFile section */
		59A44FDC1B040B4600952585 /* DTCStarWarsUniverse.swift in Sources */ = {isa = PBXBuildFile; fileRef = 59A44FDB1B040B4600952585 /* DTCStarWarsUniverse.swift */; };
		59A44FE01B040D6800952585 /* DTCStarWarsUniverseViewController.swift in Sources */ = {isa = PBXBuildFile; fileRef = 59A44FDF1B040D6800952585 /* DTCStarWarsUniverseViewController.swift */; };
		59B470251B07C0CF0075317A /* DTCWikiViewController.swift in Sources */ = {isa = PBXBuildFile; fileRef = 59B470231B07C0CF0075317A /* DTCWikiViewController.swift */; };
		59B470261B07C0CF0075317A /* DTCWikiViewController.xib in Resources */ = {isa = PBXBuildFile; fileRef = 59B470241B07C0CF0075317A /* DTCWikiViewController.xib */; };
		59BB68A21B08E634006FC9C7 /* DTCTableViewCell.swift in Sources */ = {isa = PBXBuildFile; fileRef = 59BB68A01B08E634006FC9C7 /* DTCTableViewCell.swift */; };
		59BB68A31B08E634006FC9C7 /* DTCTableViewCell.xib in Resources */ = {isa = PBXBuildFile; fileRef = 59BB68A11B08E634006FC9C7 /* DTCTableViewCell.xib */; };
		59BB68A51B08EAEF006FC9C7 /* Starjedi.ttf in Resources */ = {isa = PBXBuildFile; fileRef = 59BB68A41B08EAEF006FC9C7 /* Starjedi.ttf */; };
		59F84DC91B028CC00071272C /* AppDelegate.swift in Sources */ = {isa = PBXBuildFile; fileRef = 59F84DC81B028CC00071272C /* AppDelegate.swift */; };
		59F84DCB1B028CC00071272C /* Images.xcassets in Resources */ = {isa = PBXBuildFile; fileRef = 59F84DCA1B028CC00071272C /* Images.xcassets */; };
		59F84DCE1B028CC00071272C /* LaunchScreen.xib in Resources */ = {isa = PBXBuildFile; fileRef = 59F84DCC1B028CC00071272C /* LaunchScreen.xib */; };
		59F84DDA1B028CC00071272C /* StarWarsReloadedTests.swift in Sources */ = {isa = PBXBuildFile; fileRef = 59F84DD91B028CC00071272C /* StarWarsReloadedTests.swift */; };
		59F84DF01B028DE30071272C /* c3po.jpg in Resources */ = {isa = PBXBuildFile; fileRef = 59F84DE91B028DE30071272C /* c3po.jpg */; };
		59F84DF11B028DE30071272C /* chewbacca.jpg in Resources */ = {isa = PBXBuildFile; fileRef = 59F84DEA1B028DE30071272C /* chewbacca.jpg */; };
		59F84DF21B028DE30071272C /* darthVader.jpg in Resources */ = {isa = PBXBuildFile; fileRef = 59F84DEB1B028DE30071272C /* darthVader.jpg */; };
		59F84DF31B028DE30071272C /* palpatine.jpg in Resources */ = {isa = PBXBuildFile; fileRef = 59F84DEC1B028DE30071272C /* palpatine.jpg */; };
		59F84DF41B028DE30071272C /* R2-D2.jpg in Resources */ = {isa = PBXBuildFile; fileRef = 59F84DED1B028DE30071272C /* R2-D2.jpg */; };
		59F84DF51B028DE30071272C /* tarkin.jpg in Resources */ = {isa = PBXBuildFile; fileRef = 59F84DEE1B028DE30071272C /* tarkin.jpg */; };
		59F84DF61B028DE30071272C /* yoda.jpg in Resources */ = {isa = PBXBuildFile; fileRef = 59F84DEF1B028DE30071272C /* yoda.jpg */; };
		59F84DFE1B028DF40071272C /* c3po.caf in Resources */ = {isa = PBXBuildFile; fileRef = 59F84DF71B028DF40071272C /* c3po.caf */; };
		59F84DFF1B028DF40071272C /* chewbacca.caf in Resources */ = {isa = PBXBuildFile; fileRef = 59F84DF81B028DF40071272C /* chewbacca.caf */; };
		59F84E001B028DF40071272C /* palpatine.caf in Resources */ = {isa = PBXBuildFile; fileRef = 59F84DF91B028DF40071272C /* palpatine.caf */; };
		59F84E011B028DF40071272C /* r2-d2.caf in Resources */ = {isa = PBXBuildFile; fileRef = 59F84DFA1B028DF40071272C /* r2-d2.caf */; };
		59F84E021B028DF40071272C /* tarkin.caf in Resources */ = {isa = PBXBuildFile; fileRef = 59F84DFB1B028DF40071272C /* tarkin.caf */; };
		59F84E031B028DF40071272C /* vader.caf in Resources */ = {isa = PBXBuildFile; fileRef = 59F84DFC1B028DF40071272C /* vader.caf */; };
		59F84E041B028DF40071272C /* yoda.caf in Resources */ = {isa = PBXBuildFile; fileRef = 59F84DFD1B028DF40071272C /* yoda.caf */; };
		59F84E061B028F770071272C /* DTCStarWarsCharacter.swift in Sources */ = {isa = PBXBuildFile; fileRef = 59F84E051B028F770071272C /* DTCStarWarsCharacter.swift */; };
		59F84E091B0298140071272C /* DTCCharacterViewController.swift in Sources */ = {isa = PBXBuildFile; fileRef = 59F84E071B0298140071272C /* DTCCharacterViewController.swift */; };
		59F84E0A1B0298140071272C /* DTCCharacterViewController.xib in Resources */ = {isa = PBXBuildFile; fileRef = 59F84E081B0298140071272C /* DTCCharacterViewController.xib */; };
		59F9B25A1B0902900035E897 /* Star-Wars-background.jpg in Resources */ = {isa = PBXBuildFile; fileRef = 59F9B2591B0902900035E897 /* Star-Wars-background.jpg */; };
/* End PBXBuildFile section */

/* Begin PBXContainerItemProxy section */
		59F84DD41B028CC00071272C /* PBXContainerItemProxy */ = {
			isa = PBXContainerItemProxy;
			containerPortal = 59F84DBB1B028CC00071272C /* Project object */;
			proxyType = 1;
			remoteGlobalIDString = 59F84DC21B028CC00071272C;
			remoteInfo = StarWarsReloaded;
		};
/* End PBXContainerItemProxy section */

/* Begin PBXFileReference section */
		59A44FDB1B040B4600952585 /* DTCStarWarsUniverse.swift */ = {isa = PBXFileReference; fileEncoding = 4; lastKnownFileType = sourcecode.swift; path = DTCStarWarsUniverse.swift; sourceTree = "<group>"; };
		59A44FDF1B040D6800952585 /* DTCStarWarsUniverseViewController.swift */ = {isa = PBXFileReference; fileEncoding = 4; lastKnownFileType = sourcecode.swift; path = DTCStarWarsUniverseViewController.swift; sourceTree = "<group>"; };
		59B470231B07C0CF0075317A /* DTCWikiViewController.swift */ = {isa = PBXFileReference; fileEncoding = 4; lastKnownFileType = sourcecode.swift; path = DTCWikiViewController.swift; sourceTree = "<group>"; };
		59B470241B07C0CF0075317A /* DTCWikiViewController.xib */ = {isa = PBXFileReference; fileEncoding = 4; lastKnownFileType = file.xib; path = DTCWikiViewController.xib; sourceTree = "<group>"; };
		59BB68A01B08E634006FC9C7 /* DTCTableViewCell.swift */ = {isa = PBXFileReference; fileEncoding = 4; lastKnownFileType = sourcecode.swift; path = DTCTableViewCell.swift; sourceTree = "<group>"; };
		59BB68A11B08E634006FC9C7 /* DTCTableViewCell.xib */ = {isa = PBXFileReference; fileEncoding = 4; lastKnownFileType = file.xib; path = DTCTableViewCell.xib; sourceTree = "<group>"; };
		59BB68A41B08EAEF006FC9C7 /* Starjedi.ttf */ = {isa = PBXFileReference; lastKnownFileType = file; path = Starjedi.ttf; sourceTree = "<group>"; };
		59F84DC31B028CC00071272C /* StarWarsReloaded.app */ = {isa = PBXFileReference; explicitFileType = wrapper.application; includeInIndex = 0; path = StarWarsReloaded.app; sourceTree = BUILT_PRODUCTS_DIR; };
		59F84DC71B028CC00071272C /* Info.plist */ = {isa = PBXFileReference; lastKnownFileType = text.plist.xml; path = Info.plist; sourceTree = "<group>"; };
		59F84DC81B028CC00071272C /* AppDelegate.swift */ = {isa = PBXFileReference; lastKnownFileType = sourcecode.swift; path = AppDelegate.swift; sourceTree = "<group>"; };
		59F84DCA1B028CC00071272C /* Images.xcassets */ = {isa = PBXFileReference; lastKnownFileType = folder.assetcatalog; path = Images.xcassets; sourceTree = "<group>"; };
		59F84DCD1B028CC00071272C /* Base */ = {isa = PBXFileReference; lastKnownFileType = file.xib; name = Base; path = Base.lproj/LaunchScreen.xib; sourceTree = "<group>"; };
		59F84DD31B028CC00071272C /* StarWarsReloadedTests.xctest */ = {isa = PBXFileReference; explicitFileType = wrapper.cfbundle; includeInIndex = 0; path = StarWarsReloadedTests.xctest; sourceTree = BUILT_PRODUCTS_DIR; };
		59F84DD81B028CC00071272C /* Info.plist */ = {isa = PBXFileReference; lastKnownFileType = text.plist.xml; path = Info.plist; sourceTree = "<group>"; };
		59F84DD91B028CC00071272C /* StarWarsReloadedTests.swift */ = {isa = PBXFileReference; lastKnownFileType = sourcecode.swift; path = StarWarsReloadedTests.swift; sourceTree = "<group>"; };
		59F84DE91B028DE30071272C /* c3po.jpg */ = {isa = PBXFileReference; lastKnownFileType = image.jpeg; path = c3po.jpg; sourceTree = "<group>"; };
		59F84DEA1B028DE30071272C /* chewbacca.jpg */ = {isa = PBXFileReference; lastKnownFileType = image.jpeg; path = chewbacca.jpg; sourceTree = "<group>"; };
		59F84DEB1B028DE30071272C /* darthVader.jpg */ = {isa = PBXFileReference; lastKnownFileType = image.jpeg; path = darthVader.jpg; sourceTree = "<group>"; };
		59F84DEC1B028DE30071272C /* palpatine.jpg */ = {isa = PBXFileReference; lastKnownFileType = image.jpeg; path = palpatine.jpg; sourceTree = "<group>"; };
		59F84DED1B028DE30071272C /* R2-D2.jpg */ = {isa = PBXFileReference; lastKnownFileType = image.jpeg; path = "R2-D2.jpg"; sourceTree = "<group>"; };
		59F84DEE1B028DE30071272C /* tarkin.jpg */ = {isa = PBXFileReference; lastKnownFileType = image.jpeg; path = tarkin.jpg; sourceTree = "<group>"; };
		59F84DEF1B028DE30071272C /* yoda.jpg */ = {isa = PBXFileReference; lastKnownFileType = image.jpeg; path = yoda.jpg; sourceTree = "<group>"; };
		59F84DF71B028DF40071272C /* c3po.caf */ = {isa = PBXFileReference; lastKnownFileType = file; path = c3po.caf; sourceTree = "<group>"; };
		59F84DF81B028DF40071272C /* chewbacca.caf */ = {isa = PBXFileReference; lastKnownFileType = file; path = chewbacca.caf; sourceTree = "<group>"; };
		59F84DF91B028DF40071272C /* palpatine.caf */ = {isa = PBXFileReference; lastKnownFileType = file; path = palpatine.caf; sourceTree = "<group>"; };
		59F84DFA1B028DF40071272C /* r2-d2.caf */ = {isa = PBXFileReference; lastKnownFileType = file; path = "r2-d2.caf"; sourceTree = "<group>"; };
		59F84DFB1B028DF40071272C /* tarkin.caf */ = {isa = PBXFileReference; lastKnownFileType = file; path = tarkin.caf; sourceTree = "<group>"; };
		59F84DFC1B028DF40071272C /* vader.caf */ = {isa = PBXFileReference; lastKnownFileType = file; path = vader.caf; sourceTree = "<group>"; };
		59F84DFD1B028DF40071272C /* yoda.caf */ = {isa = PBXFileReference; lastKnownFileType = file; path = yoda.caf; sourceTree = "<group>"; };
		59F84E051B028F770071272C /* DTCStarWarsCharacter.swift */ = {isa = PBXFileReference; fileEncoding = 4; lastKnownFileType = sourcecode.swift; path = DTCStarWarsCharacter.swift; sourceTree = "<group>"; };
		59F84E071B0298140071272C /* DTCCharacterViewController.swift */ = {isa = PBXFileReference; fileEncoding = 4; lastKnownFileType = sourcecode.swift; path = DTCCharacterViewController.swift; sourceTree = "<group>"; };
		59F84E081B0298140071272C /* DTCCharacterViewController.xib */ = {isa = PBXFileReference; fileEncoding = 4; lastKnownFileType = file.xib; path = DTCCharacterViewController.xib; sourceTree = "<group>"; };
		59F9B2591B0902900035E897 /* Star-Wars-background.jpg */ = {isa = PBXFileReference; lastKnownFileType = image.jpeg; path = "Star-Wars-background.jpg"; sourceTree = "<group>"; };
/* End PBXFileReference section */

/* Begin PBXFrameworksBuildPhase section */
		59F84DC01B028CC00071272C /* Frameworks */ = {
			isa = PBXFrameworksBuildPhase;
			buildActionMask = 2147483647;
			files = (
			);
			runOnlyForDeploymentPostprocessing = 0;
		};
		59F84DD01B028CC00071272C /* Frameworks */ = {
			isa = PBXFrameworksBuildPhase;
			buildActionMask = 2147483647;
			files = (
			);
			runOnlyForDeploymentPostprocessing = 0;
		};
/* End PBXFrameworksBuildPhase section */

/* Begin PBXGroup section */
		59F84DBA1B028CC00071272C = {
			isa = PBXGroup;
			children = (
				59F84DC51B028CC00071272C /* StarWarsReloaded */,
				59F84DD61B028CC00071272C /* StarWarsReloadedTests */,
				59F84DC41B028CC00071272C /* Products */,
			);
			sourceTree = "<group>";
		};
		59F84DC41B028CC00071272C /* Products */ = {
			isa = PBXGroup;
			children = (
				59F84DC31B028CC00071272C /* StarWarsReloaded.app */,
				59F84DD31B028CC00071272C /* StarWarsReloadedTests.xctest */,
			);
			name = Products;
			sourceTree = "<group>";
		};
		59F84DC51B028CC00071272C /* StarWarsReloaded */ = {
			isa = PBXGroup;
			children = (
				59F84DE31B028D4C0071272C /* Models */,
				59F84DE41B028D550071272C /* Views */,
				59F84DE51B028D610071272C /* Controllers */,
				59F84DC81B028CC00071272C /* AppDelegate.swift */,
				59F84DCA1B028CC00071272C /* Images.xcassets */,
				59F84DCC1B028CC00071272C /* LaunchScreen.xib */,
				59F84DE61B028D800071272C /* Resources */,
				59F84DC61B028CC00071272C /* Supporting Files */,
			);
			path = StarWarsReloaded;
			sourceTree = "<group>";
		};
		59F84DC61B028CC00071272C /* Supporting Files */ = {
			isa = PBXGroup;
			children = (
				59F84DC71B028CC00071272C /* Info.plist */,
			);
			name = "Supporting Files";
			sourceTree = "<group>";
		};
		59F84DD61B028CC00071272C /* StarWarsReloadedTests */ = {
			isa = PBXGroup;
			children = (
				59F84DD91B028CC00071272C /* StarWarsReloadedTests.swift */,
				59F84DD71B028CC00071272C /* Supporting Files */,
			);
			path = StarWarsReloadedTests;
			sourceTree = "<group>";
		};
		59F84DD71B028CC00071272C /* Supporting Files */ = {
			isa = PBXGroup;
			children = (
				59F84DD81B028CC00071272C /* Info.plist */,
			);
			name = "Supporting Files";
			sourceTree = "<group>";
		};
		59F84DE31B028D4C0071272C /* Models */ = {
			isa = PBXGroup;
			children = (
				59F84E051B028F770071272C /* DTCStarWarsCharacter.swift */,
				59A44FDB1B040B4600952585 /* DTCStarWarsUniverse.swift */,
			);
			name = Models;
			sourceTree = "<group>";
		};
		59F84DE41B028D550071272C /* Views */ = {
			isa = PBXGroup;
			children = (
				59BB68A01B08E634006FC9C7 /* DTCTableViewCell.swift */,
				59BB68A11B08E634006FC9C7 /* DTCTableViewCell.xib */,
			);
			name = Views;
			sourceTree = "<group>";
		};
		59F84DE51B028D610071272C /* Controllers */ = {
			isa = PBXGroup;
			children = (
				59F84E071B0298140071272C /* DTCCharacterViewController.swift */,
				59F84E081B0298140071272C /* DTCCharacterViewController.xib */,
				59A44FDF1B040D6800952585 /* DTCStarWarsUniverseViewController.swift */,
				59B470231B07C0CF0075317A /* DTCWikiViewController.swift */,
				59B470241B07C0CF0075317A /* DTCWikiViewController.xib */,
			);
			name = Controllers;
			sourceTree = "<group>";
		};
		59F84DE61B028D800071272C /* Resources */ = {
			isa = PBXGroup;
			children = (
				59BB68A41B08EAEF006FC9C7 /* Starjedi.ttf */,
				59F84DE81B028DD70071272C /* audio */,
				59F84DE71B028DCF0071272C /* images */,
			);
			name = Resources;
			sourceTree = "<group>";
		};
		59F84DE71B028DCF0071272C /* images */ = {
			isa = PBXGroup;
			children = (
				59F9B2591B0902900035E897 /* Star-Wars-background.jpg */,
				59F84DE91B028DE30071272C /* c3po.jpg */,
				59F84DEA1B028DE30071272C /* chewbacca.jpg */,
				59F84DEB1B028DE30071272C /* darthVader.jpg */,
				59F84DEC1B028DE30071272C /* palpatine.jpg */,
				59F84DED1B028DE30071272C /* R2-D2.jpg */,
				59F84DEE1B028DE30071272C /* tarkin.jpg */,
				59F84DEF1B028DE30071272C /* yoda.jpg */,
			);
			name = images;
			sourceTree = "<group>";
		};
		59F84DE81B028DD70071272C /* audio */ = {
			isa = PBXGroup;
			children = (
				59F84DF71B028DF40071272C /* c3po.caf */,
				59F84DF81B028DF40071272C /* chewbacca.caf */,
				59F84DF91B028DF40071272C /* palpatine.caf */,
				59F84DFA1B028DF40071272C /* r2-d2.caf */,
				59F84DFB1B028DF40071272C /* tarkin.caf */,
				59F84DFC1B028DF40071272C /* vader.caf */,
				59F84DFD1B028DF40071272C /* yoda.caf */,
			);
			name = audio;
			sourceTree = "<group>";
		};
/* End PBXGroup section */

/* Begin PBXNativeTarget section */
		59F84DC21B028CC00071272C /* StarWarsReloaded */ = {
			isa = PBXNativeTarget;
			buildConfigurationList = 59F84DDD1B028CC00071272C /* Build configuration list for PBXNativeTarget "StarWarsReloaded" */;
			buildPhases = (
				59F84DBF1B028CC00071272C /* Sources */,
				59F84DC01B028CC00071272C /* Frameworks */,
				59F84DC11B028CC00071272C /* Resources */,
			);
			buildRules = (
			);
			dependencies = (
			);
			name = StarWarsReloaded;
			productName = StarWarsReloaded;
			productReference = 59F84DC31B028CC00071272C /* StarWarsReloaded.app */;
			productType = "com.apple.product-type.application";
		};
		59F84DD21B028CC00071272C /* StarWarsReloadedTests */ = {
			isa = PBXNativeTarget;
			buildConfigurationList = 59F84DE01B028CC00071272C /* Build configuration list for PBXNativeTarget "StarWarsReloadedTests" */;
			buildPhases = (
				59F84DCF1B028CC00071272C /* Sources */,
				59F84DD01B028CC00071272C /* Frameworks */,
				59F84DD11B028CC00071272C /* Resources */,
			);
			buildRules = (
			);
			dependencies = (
				59F84DD51B028CC00071272C /* PBXTargetDependency */,
			);
			name = StarWarsReloadedTests;
			productName = StarWarsReloadedTests;
			productReference = 59F84DD31B028CC00071272C /* StarWarsReloadedTests.xctest */;
			productType = "com.apple.product-type.bundle.unit-test";
		};
/* End PBXNativeTarget section */

/* Begin PBXProject section */
		59F84DBB1B028CC00071272C /* Project object */ = {
			isa = PBXProject;
			attributes = {
				LastUpgradeCheck = 0630;
				ORGANIZATIONNAME = "David de Tena";
				TargetAttributes = {
					59F84DC21B028CC00071272C = {
						CreatedOnToolsVersion = 6.3.1;
						DevelopmentTeam = QF5L9JVR92;
					};
					59F84DD21B028CC00071272C = {
						CreatedOnToolsVersion = 6.3.1;
						TestTargetID = 59F84DC21B028CC00071272C;
					};
				};
			};
			buildConfigurationList = 59F84DBE1B028CC00071272C /* Build configuration list for PBXProject "StarWarsReloaded" */;
			compatibilityVersion = "Xcode 3.2";
			developmentRegion = English;
			hasScannedForEncodings = 0;
			knownRegions = (
				en,
				Base,
			);
			mainGroup = 59F84DBA1B028CC00071272C;
			productRefGroup = 59F84DC41B028CC00071272C /* Products */;
			projectDirPath = "";
			projectRoot = "";
			targets = (
				59F84DC21B028CC00071272C /* StarWarsReloaded */,
				59F84DD21B028CC00071272C /* StarWarsReloadedTests */,
			);
		};
/* End PBXProject section */

/* Begin PBXResourcesBuildPhase section */
		59F84DC11B028CC00071272C /* Resources */ = {
			isa = PBXResourcesBuildPhase;
			buildActionMask = 2147483647;
			files = (
				59F84DFF1B028DF40071272C /* chewbacca.caf in Resources */,
				59F84DCE1B028CC00071272C /* LaunchScreen.xib in Resources */,
				59F84DF41B028DE30071272C /* R2-D2.jpg in Resources */,
				59F84E021B028DF40071272C /* tarkin.caf in Resources */,
				59F84DF51B028DE30071272C /* tarkin.jpg in Resources */,
				59BB68A31B08E634006FC9C7 /* DTCTableViewCell.xib in Resources */,
				59F84DFE1B028DF40071272C /* c3po.caf in Resources */,
				59F84DF11B028DE30071272C /* chewbacca.jpg in Resources */,
				59F84DF61B028DE30071272C /* yoda.jpg in Resources */,
				59F9B25A1B0902900035E897 /* Star-Wars-background.jpg in Resources */,
				59F84DF31B028DE30071272C /* palpatine.jpg in Resources */,
				59F84E011B028DF40071272C /* r2-d2.caf in Resources */,
				59F84E031B028DF40071272C /* vader.caf in Resources */,
				59F84DF01B028DE30071272C /* c3po.jpg in Resources */,
				59F84DCB1B028CC00071272C /* Images.xcassets in Resources */,
				59F84E0A1B0298140071272C /* DTCCharacterViewController.xib in Resources */,
				59F84E041B028DF40071272C /* yoda.caf in Resources */,
				59F84DF21B028DE30071272C /* darthVader.jpg in Resources */,
				59B470261B07C0CF0075317A /* DTCWikiViewController.xib in Resources */,
				59BB68A51B08EAEF006FC9C7 /* Starjedi.ttf in Resources */,
				59F84E001B028DF40071272C /* palpatine.caf in Resources */,
			);
			runOnlyForDeploymentPostprocessing = 0;
		};
		59F84DD11B028CC00071272C /* Resources */ = {
			isa = PBXResourcesBuildPhase;
			buildActionMask = 2147483647;
			files = (
			);
			runOnlyForDeploymentPostprocessing = 0;
		};
/* End PBXResourcesBuildPhase section */

/* Begin PBXSourcesBuildPhase section */
		59F84DBF1B028CC00071272C /* Sources */ = {
			isa = PBXSourcesBuildPhase;
			buildActionMask = 2147483647;
			files = (
				59F84E061B028F770071272C /* DTCStarWarsCharacter.swift in Sources */,
				59F84E091B0298140071272C /* DTCCharacterViewController.swift in Sources */,
				59B470251B07C0CF0075317A /* DTCWikiViewController.swift in Sources */,
				59A44FE01B040D6800952585 /* DTCStarWarsUniverseViewController.swift in Sources */,
				59BB68A21B08E634006FC9C7 /* DTCTableViewCell.swift in Sources */,
				59F84DC91B028CC00071272C /* AppDelegate.swift in Sources */,
				59A44FDC1B040B4600952585 /* DTCStarWarsUniverse.swift in Sources */,
			);
			runOnlyForDeploymentPostprocessing = 0;
		};
		59F84DCF1B028CC00071272C /* Sources */ = {
			isa = PBXSourcesBuildPhase;
			buildActionMask = 2147483647;
			files = (
				59F84DDA1B028CC00071272C /* StarWarsReloadedTests.swift in Sources */,
			);
			runOnlyForDeploymentPostprocessing = 0;
		};
/* End PBXSourcesBuildPhase section */

/* Begin PBXTargetDependency section */
		59F84DD51B028CC00071272C /* PBXTargetDependency */ = {
			isa = PBXTargetDependency;
			target = 59F84DC21B028CC00071272C /* StarWarsReloaded */;
			targetProxy = 59F84DD41B028CC00071272C /* PBXContainerItemProxy */;
		};
/* End PBXTargetDependency section */

/* Begin PBXVariantGroup section */
		59F84DCC1B028CC00071272C /* LaunchScreen.xib */ = {
			isa = PBXVariantGroup;
			children = (
				59F84DCD1B028CC00071272C /* Base */,
			);
			name = LaunchScreen.xib;
			sourceTree = "<group>";
		};
/* End PBXVariantGroup section */

/* Begin XCBuildConfiguration section */
		59F84DDB1B028CC00071272C /* Debug */ = {
			isa = XCBuildConfiguration;
			buildSettings = {
				ALWAYS_SEARCH_USER_PATHS = NO;
				CLANG_CXX_LANGUAGE_STANDARD = "gnu++0x";
				CLANG_CXX_LIBRARY = "libc++";
				CLANG_ENABLE_MODULES = YES;
				CLANG_ENABLE_OBJC_ARC = YES;
				CLANG_WARN_BOOL_CONVERSION = YES;
				CLANG_WARN_CONSTANT_CONVERSION = YES;
				CLANG_WARN_DIRECT_OBJC_ISA_USAGE = YES_ERROR;
				CLANG_WARN_EMPTY_BODY = YES;
				CLANG_WARN_ENUM_CONVERSION = YES;
				CLANG_WARN_INT_CONVERSION = YES;
				CLANG_WARN_OBJC_ROOT_CLASS = YES_ERROR;
				CLANG_WARN_UNREACHABLE_CODE = YES;
				CLANG_WARN__DUPLICATE_METHOD_MATCH = YES;
				"CODE_SIGN_IDENTITY[sdk=iphoneos*]" = "iPhone Developer";
				COPY_PHASE_STRIP = NO;
				DEBUG_INFORMATION_FORMAT = "dwarf-with-dsym";
				ENABLE_STRICT_OBJC_MSGSEND = YES;
				GCC_C_LANGUAGE_STANDARD = gnu99;
				GCC_DYNAMIC_NO_PIC = NO;
				GCC_NO_COMMON_BLOCKS = YES;
				GCC_OPTIMIZATION_LEVEL = 0;
				GCC_PREPROCESSOR_DEFINITIONS = (
					"DEBUG=1",
					"$(inherited)",
				);
				GCC_SYMBOLS_PRIVATE_EXTERN = NO;
				GCC_WARN_64_TO_32_BIT_CONVERSION = YES;
				GCC_WARN_ABOUT_RETURN_TYPE = YES_ERROR;
				GCC_WARN_UNDECLARED_SELECTOR = YES;
				GCC_WARN_UNINITIALIZED_AUTOS = YES_AGGRESSIVE;
				GCC_WARN_UNUSED_FUNCTION = YES;
				GCC_WARN_UNUSED_VARIABLE = YES;
				IPHONEOS_DEPLOYMENT_TARGET = 8.3;
				MTL_ENABLE_DEBUG_INFO = YES;
				ONLY_ACTIVE_ARCH = YES;
				SDKROOT = iphoneos;
				SWIFT_OPTIMIZATION_LEVEL = "-Onone";
				TARGETED_DEVICE_FAMILY = "1,2";
			};
			name = Debug;
		};
		59F84DDC1B028CC00071272C /* Release */ = {
			isa = XCBuildConfiguration;
			buildSettings = {
				ALWAYS_SEARCH_USER_PATHS = NO;
				CLANG_CXX_LANGUAGE_STANDARD = "gnu++0x";
				CLANG_CXX_LIBRARY = "libc++";
				CLANG_ENABLE_MODULES = YES;
				CLANG_ENABLE_OBJC_ARC = YES;
				CLANG_WARN_BOOL_CONVERSION = YES;
				CLANG_WARN_CONSTANT_CONVERSION = YES;
				CLANG_WARN_DIRECT_OBJC_ISA_USAGE = YES_ERROR;
				CLANG_WARN_EMPTY_BODY = YES;
				CLANG_WARN_ENUM_CONVERSION = YES;
				CLANG_WARN_INT_CONVERSION = YES;
				CLANG_WARN_OBJC_ROOT_CLASS = YES_ERROR;
				CLANG_WARN_UNREACHABLE_CODE = YES;
				CLANG_WARN__DUPLICATE_METHOD_MATCH = YES;
				"CODE_SIGN_IDENTITY[sdk=iphoneos*]" = "iPhone Developer";
				COPY_PHASE_STRIP = NO;
				DEBUG_INFORMATION_FORMAT = "dwarf-with-dsym";
				ENABLE_NS_ASSERTIONS = NO;
				ENABLE_STRICT_OBJC_MSGSEND = YES;
				GCC_C_LANGUAGE_STANDARD = gnu99;
				GCC_NO_COMMON_BLOCKS = YES;
				GCC_WARN_64_TO_32_BIT_CONVERSION = YES;
				GCC_WARN_ABOUT_RETURN_TYPE = YES_ERROR;
				GCC_WARN_UNDECLARED_SELECTOR = YES;
				GCC_WARN_UNINITIALIZED_AUTOS = YES_AGGRESSIVE;
				GCC_WARN_UNUSED_FUNCTION = YES;
				GCC_WARN_UNUSED_VARIABLE = YES;
				IPHONEOS_DEPLOYMENT_TARGET = 8.3;
				MTL_ENABLE_DEBUG_INFO = NO;
				SDKROOT = iphoneos;
				TARGETED_DEVICE_FAMILY = "1,2";
				VALIDATE_PRODUCT = YES;
			};
			name = Release;
		};
		59F84DDE1B028CC00071272C /* Debug */ = {
			isa = XCBuildConfiguration;
			buildSettings = {
				ASSETCATALOG_COMPILER_APPICON_NAME = AppIcon;
				CODE_SIGN_IDENTITY = "iPhone Developer";
				INFOPLIST_FILE = StarWarsReloaded/Info.plist;
				LD_RUNPATH_SEARCH_PATHS = "$(inherited) @executable_path/Frameworks";
				PRODUCT_NAME = "$(TARGET_NAME)";
				TARGETED_DEVICE_FAMILY = "1,2";
			};
			name = Debug;
		};
		59F84DDF1B028CC00071272C /* Release */ = {
			isa = XCBuildConfiguration;
			buildSettings = {
				ASSETCATALOG_COMPILER_APPICON_NAME = AppIcon;
				CODE_SIGN_IDENTITY = "iPhone Developer";
				INFOPLIST_FILE = StarWarsReloaded/Info.plist;
				LD_RUNPATH_SEARCH_PATHS = "$(inherited) @executable_path/Frameworks";
				PRODUCT_NAME = "$(TARGET_NAME)";
				TARGETED_DEVICE_FAMILY = "1,2";
			};
			name = Release;
		};
		59F84DE11B028CC00071272C /* Debug */ = {
			isa = XCBuildConfiguration;
			buildSettings = {
				BUNDLE_LOADER = "$(TEST_HOST)";
				FRAMEWORK_SEARCH_PATHS = (
					"$(SDKROOT)/Developer/Library/Frameworks",
					"$(inherited)",
				);
				GCC_PREPROCESSOR_DEFINITIONS = (
					"DEBUG=1",
					"$(inherited)",
				);
				INFOPLIST_FILE = StarWarsReloadedTests/Info.plist;
				LD_RUNPATH_SEARCH_PATHS = "$(inherited) @executable_path/Frameworks @loader_path/Frameworks";
				PRODUCT_NAME = "$(TARGET_NAME)";
				TEST_HOST = "$(BUILT_PRODUCTS_DIR)/StarWarsReloaded.app/StarWarsReloaded";
			};
			name = Debug;
		};
		59F84DE21B028CC00071272C /* Release */ = {
			isa = XCBuildConfiguration;
			buildSettings = {
				BUNDLE_LOADER = "$(TEST_HOST)";
				FRAMEWORK_SEARCH_PATHS = (
					"$(SDKROOT)/Developer/Library/Frameworks",
					"$(inherited)",
				);
				INFOPLIST_FILE = StarWarsReloadedTests/Info.plist;
				LD_RUNPATH_SEARCH_PATHS = "$(inherited) @executable_path/Frameworks @loader_path/Frameworks";
				PRODUCT_NAME = "$(TARGET_NAME)";
				TEST_HOST = "$(BUILT_PRODUCTS_DIR)/StarWarsReloaded.app/StarWarsReloaded";
			};
			name = Release;
		};
/* End XCBuildConfiguration section */

/* Begin XCConfigurationList section */
		59F84DBE1B028CC00071272C /* Build configuration list for PBXProject "StarWarsReloaded" */ = {
			isa = XCConfigurationList;
			buildConfigurations = (
				59F84DDB1B028CC00071272C /* Debug */,
				59F84DDC1B028CC00071272C /* Release */,
			);
			defaultConfigurationIsVisible = 0;
			defaultConfigurationName = Release;
		};
		59F84DDD1B028CC00071272C /* Build configuration list for PBXNativeTarget "StarWarsReloaded" */ = {
			isa = XCConfigurationList;
			buildConfigurations = (
				59F84DDE1B028CC00071272C /* Debug */,
				59F84DDF1B028CC00071272C /* Release */,
			);
			defaultConfigurationIsVisible = 0;
			defaultConfigurationName = Release;
		};
		59F84DE01B028CC00071272C /* Build configuration list for PBXNativeTarget "StarWarsReloadedTests" */ = {
			isa = XCConfigurationList;
			buildConfigurations = (
				59F84DE11B028CC00071272C /* Debug */,
				59F84DE21B028CC00071272C /* Release */,
			);
			defaultConfigurationIsVisible = 0;
			defaultConfigurationName = Release;
		};
/* End XCConfigurationList section */
	};
	rootObject = 59F84DBB1B028CC00071272C /* Project object */;
}
